// !$*UTF8*$!
{
	archiveVersion = 1;
	classes = {
	};
	objectVersion = 55;
	objects = {

/* Begin PBXBuildFile section */
		FA50422B272436FF002CB49D /* Question.swift in Sources */ = {isa = PBXBuildFile; fileRef = FA50422A272436FF002CB49D /* Question.swift */; };
		FA50422D272437E5002CB49D /* AITree.swift in Sources */ = {isa = PBXBuildFile; fileRef = FA50422C272437E5002CB49D /* AITree.swift */; };
		FA993EFA2724563C00BF1B46 /* Hiragino Mincho ProN W3.otf in Resources */ = {isa = PBXBuildFile; fileRef = FA993EF82724563C00BF1B46 /* Hiragino Mincho ProN W3.otf */; };
		FA993EFB2724563C00BF1B46 /* Hiragino Mincho ProN W6.otf in Resources */ = {isa = PBXBuildFile; fileRef = FA993EF92724563C00BF1B46 /* Hiragino Mincho ProN W6.otf */; };
		FA993EFD27247FCE00BF1B46 /* FilledButton.swift in Sources */ = {isa = PBXBuildFile; fileRef = FA993EFC27247FCE00BF1B46 /* FilledButton.swift */; };
		FAA516ED27230895007FD0E9 /* AmberViewController.swift in Sources */ = {isa = PBXBuildFile; fileRef = FAA516E327230895007FD0E9 /* AmberViewController.swift */; };
		FAA516EE27230895007FD0E9 /* AppDelegate.swift in Sources */ = {isa = PBXBuildFile; fileRef = FAA516E527230895007FD0E9 /* AppDelegate.swift */; };
		FAA516EF27230895007FD0E9 /* Assets.xcassets in Resources */ = {isa = PBXBuildFile; fileRef = FAA516E727230895007FD0E9 /* Assets.xcassets */; };
		FAA516F027230895007FD0E9 /* LaunchScreen.storyboard in Resources */ = {isa = PBXBuildFile; fileRef = FAA516E827230895007FD0E9 /* LaunchScreen.storyboard */; };
		FAA516F127230895007FD0E9 /* Main.storyboard in Resources */ = {isa = PBXBuildFile; fileRef = FAA516EA27230895007FD0E9 /* Main.storyboard */; };
		FAA516F527230A9B007FD0E9 /* FSCalendar in Frameworks */ = {isa = PBXBuildFile; productRef = FAA516F427230A9B007FD0E9 /* FSCalendar */; };
		FAA516F827231042007FD0E9 /* Lottie in Frameworks */ = {isa = PBXBuildFile; productRef = FAA516F727231042007FD0E9 /* Lottie */; };
		FAA516FA272311BB007FD0E9 /* Extensions.swift in Sources */ = {isa = PBXBuildFile; fileRef = FAA516F9272311BB007FD0E9 /* Extensions.swift */; };
		FAA516FF272313F1007FD0E9 /* 80520-blob.json in Resources */ = {isa = PBXBuildFile; fileRef = FAA516FE272313F1007FD0E9 /* 80520-blob.json */; };
		FAA5170427232003007FD0E9 /* CalendarViewController.swift in Sources */ = {isa = PBXBuildFile; fileRef = FAA5170327232003007FD0E9 /* CalendarViewController.swift */; };
		FAA5170627232016007FD0E9 /* SFCalendar.swift in Sources */ = {isa = PBXBuildFile; fileRef = FAA5170527232016007FD0E9 /* SFCalendar.swift */; };
		FAA5170A2723222E007FD0E9 /* DateToolsSwift in Frameworks */ = {isa = PBXBuildFile; productRef = FAA517092723222E007FD0E9 /* DateToolsSwift */; };
		FAA517102723242E007FD0E9 /* CalendarItem.swift in Sources */ = {isa = PBXBuildFile; fileRef = FAA5170F2723242E007FD0E9 /* CalendarItem.swift */; };
		FAA51712272325C5007FD0E9 /* CalendarItemCell.swift in Sources */ = {isa = PBXBuildFile; fileRef = FAA51711272325C5007FD0E9 /* CalendarItemCell.swift */; };
		FAA517162724328F007FD0E9 /* tree.json in Resources */ = {isa = PBXBuildFile; fileRef = FAA517152724328F007FD0E9 /* tree.json */; };
/* End PBXBuildFile section */

/* Begin PBXFileReference section */
		FA50422A272436FF002CB49D /* Question.swift */ = {isa = PBXFileReference; lastKnownFileType = sourcecode.swift; path = Question.swift; sourceTree = "<group>"; };
		FA50422C272437E5002CB49D /* AITree.swift */ = {isa = PBXFileReference; lastKnownFileType = sourcecode.swift; path = AITree.swift; sourceTree = "<group>"; };
		FA993EF82724563C00BF1B46 /* Hiragino Mincho ProN W3.otf */ = {isa = PBXFileReference; lastKnownFileType = file; path = "Hiragino Mincho ProN W3.otf"; sourceTree = "<group>"; };
		FA993EF92724563C00BF1B46 /* Hiragino Mincho ProN W6.otf */ = {isa = PBXFileReference; lastKnownFileType = file; path = "Hiragino Mincho ProN W6.otf"; sourceTree = "<group>"; };
		FA993EFC27247FCE00BF1B46 /* FilledButton.swift */ = {isa = PBXFileReference; lastKnownFileType = sourcecode.swift; path = FilledButton.swift; sourceTree = "<group>"; };
		FAA516CB272306BA007FD0E9 /* Amber.app */ = {isa = PBXFileReference; explicitFileType = wrapper.application; includeInIndex = 0; path = Amber.app; sourceTree = BUILT_PRODUCTS_DIR; };
		FAA516E327230895007FD0E9 /* AmberViewController.swift */ = {isa = PBXFileReference; fileEncoding = 4; lastKnownFileType = sourcecode.swift; path = AmberViewController.swift; sourceTree = "<group>"; };
		FAA516E527230895007FD0E9 /* AppDelegate.swift */ = {isa = PBXFileReference; fileEncoding = 4; lastKnownFileType = sourcecode.swift; path = AppDelegate.swift; sourceTree = "<group>"; };
		FAA516E727230895007FD0E9 /* Assets.xcassets */ = {isa = PBXFileReference; lastKnownFileType = folder.assetcatalog; path = Assets.xcassets; sourceTree = "<group>"; };
		FAA516E927230895007FD0E9 /* Base */ = {isa = PBXFileReference; lastKnownFileType = file.storyboard; name = Base; path = Base.lproj/LaunchScreen.storyboard; sourceTree = "<group>"; };
		FAA516EB27230895007FD0E9 /* Base */ = {isa = PBXFileReference; lastKnownFileType = file.storyboard; name = Base; path = Base.lproj/Main.storyboard; sourceTree = "<group>"; };
		FAA516EC27230895007FD0E9 /* Info.plist */ = {isa = PBXFileReference; fileEncoding = 4; lastKnownFileType = text.plist.xml; path = Info.plist; sourceTree = "<group>"; };
		FAA516F9272311BB007FD0E9 /* Extensions.swift */ = {isa = PBXFileReference; lastKnownFileType = sourcecode.swift; path = Extensions.swift; sourceTree = "<group>"; };
		FAA516FE272313F1007FD0E9 /* 80520-blob.json */ = {isa = PBXFileReference; fileEncoding = 4; lastKnownFileType = text.json; path = "80520-blob.json"; sourceTree = "<group>"; };
		FAA5170327232003007FD0E9 /* CalendarViewController.swift */ = {isa = PBXFileReference; lastKnownFileType = sourcecode.swift; path = CalendarViewController.swift; sourceTree = "<group>"; };
		FAA5170527232016007FD0E9 /* SFCalendar.swift */ = {isa = PBXFileReference; lastKnownFileType = sourcecode.swift; path = SFCalendar.swift; sourceTree = "<group>"; };
		FAA5170F2723242E007FD0E9 /* CalendarItem.swift */ = {isa = PBXFileReference; lastKnownFileType = sourcecode.swift; path = CalendarItem.swift; sourceTree = "<group>"; };
		FAA51711272325C5007FD0E9 /* CalendarItemCell.swift */ = {isa = PBXFileReference; lastKnownFileType = sourcecode.swift; path = CalendarItemCell.swift; sourceTree = "<group>"; };
		FAA517152724328F007FD0E9 /* tree.json */ = {isa = PBXFileReference; lastKnownFileType = text.json; path = tree.json; sourceTree = "<group>"; };
/* End PBXFileReference section */

/* Begin PBXFrameworksBuildPhase section */
		FAA516C8272306BA007FD0E9 /* Frameworks */ = {
			isa = PBXFrameworksBuildPhase;
			buildActionMask = 2147483647;
			files = (
				FAA516F527230A9B007FD0E9 /* FSCalendar in Frameworks */,
				FAA5170A2723222E007FD0E9 /* DateToolsSwift in Frameworks */,
				FAA516F827231042007FD0E9 /* Lottie in Frameworks */,
			);
			runOnlyForDeploymentPostprocessing = 0;
		};
/* End PBXFrameworksBuildPhase section */

/* Begin PBXGroup section */
		FA504229272436EA002CB49D /* AI Tree */ = {
			isa = PBXGroup;
			children = (
				FA50422C272437E5002CB49D /* AITree.swift */,
				FA50422A272436FF002CB49D /* Question.swift */,
			);
			path = "AI Tree";
			sourceTree = "<group>";
		};
		FA993EF72724563C00BF1B46 /* Fonts */ = {
			isa = PBXGroup;
			children = (
				FA993EF82724563C00BF1B46 /* Hiragino Mincho ProN W3.otf */,
				FA993EF92724563C00BF1B46 /* Hiragino Mincho ProN W6.otf */,
			);
			path = Fonts;
			sourceTree = "<group>";
		};
		FAA516C2272306BA007FD0E9 = {
			isa = PBXGroup;
			children = (
				FAA516CD272306BA007FD0E9 /* Amber */,
				FAA516CC272306BA007FD0E9 /* Products */,
			);
			sourceTree = "<group>";
		};
		FAA516CC272306BA007FD0E9 /* Products */ = {
			isa = PBXGroup;
			children = (
				FAA516CB272306BA007FD0E9 /* Amber.app */,
			);
			name = Products;
			sourceTree = "<group>";
		};
		FAA516CD272306BA007FD0E9 /* Amber */ = {
			isa = PBXGroup;
			children = (
				FAA516E427230895007FD0E9 /* Application */,
				FAA516E227230895007FD0E9 /* Presentation */,
				FAA5170D2723241D007FD0E9 /* Domain */,
				FAA516E627230895007FD0E9 /* Resources */,
			);
			path = Amber;
			sourceTree = "<group>";
		};
		FAA516E227230895007FD0E9 /* Presentation */ = {
			isa = PBXGroup;
			children = (
				FAA5170127231FEE007FD0E9 /* Calendar */,
				FAA5170027231FE8007FD0E9 /* Amber */,
				FAA5170227231FF3007FD0E9 /* Utils */,
			);
			path = Presentation;
			sourceTree = "<group>";
		};
		FAA516E427230895007FD0E9 /* Application */ = {
			isa = PBXGroup;
			children = (
				FAA516E527230895007FD0E9 /* AppDelegate.swift */,
			);
			path = Application;
			sourceTree = "<group>";
		};
		FAA516E627230895007FD0E9 /* Resources */ = {
			isa = PBXGroup;
			children = (
				FAA516FB272313D8007FD0E9 /* Animations */,
				FA993EF72724563C00BF1B46 /* Fonts */,
				FAA516E727230895007FD0E9 /* Assets.xcassets */,
				FAA516E827230895007FD0E9 /* LaunchScreen.storyboard */,
				FAA516EA27230895007FD0E9 /* Main.storyboard */,
				FAA516EC27230895007FD0E9 /* Info.plist */,
				FAA517152724328F007FD0E9 /* tree.json */,
			);
			path = Resources;
			sourceTree = "<group>";
		};
		FAA516FB272313D8007FD0E9 /* Animations */ = {
			isa = PBXGroup;
			children = (
				FAA516FE272313F1007FD0E9 /* 80520-blob.json */,
			);
			path = Animations;
			sourceTree = "<group>";
		};
		FAA5170027231FE8007FD0E9 /* Amber */ = {
			isa = PBXGroup;
			children = (
				FAA516E327230895007FD0E9 /* AmberViewController.swift */,
			);
			path = Amber;
			sourceTree = "<group>";
		};
		FAA5170127231FEE007FD0E9 /* Calendar */ = {
			isa = PBXGroup;
			children = (
				FAA5170327232003007FD0E9 /* CalendarViewController.swift */,
				FAA5170527232016007FD0E9 /* SFCalendar.swift */,
			);
			path = Calendar;
			sourceTree = "<group>";
		};
		FAA5170227231FF3007FD0E9 /* Utils */ = {
			isa = PBXGroup;
			children = (
				FAA516F9272311BB007FD0E9 /* Extensions.swift */,
				FAA51711272325C5007FD0E9 /* CalendarItemCell.swift */,
				FA993EFC27247FCE00BF1B46 /* FilledButton.swift */,
			);
			path = Utils;
			sourceTree = "<group>";
		};
		FAA5170D2723241D007FD0E9 /* Domain */ = {
			isa = PBXGroup;
			children = (
				FA504229272436EA002CB49D /* AI Tree */,
				FAA5170E27232424007FD0E9 /* Calendar */,
			);
			path = Domain;
			sourceTree = "<group>";
		};
		FAA5170E27232424007FD0E9 /* Calendar */ = {
			isa = PBXGroup;
			children = (
				FAA5170F2723242E007FD0E9 /* CalendarItem.swift */,
			);
			path = Calendar;
			sourceTree = "<group>";
		};
/* End PBXGroup section */

/* Begin PBXNativeTarget section */
		FAA516CA272306BA007FD0E9 /* Amber */ = {
			isa = PBXNativeTarget;
			buildConfigurationList = FAA516DF272306BC007FD0E9 /* Build configuration list for PBXNativeTarget "Amber" */;
			buildPhases = (
				FAA516C7272306BA007FD0E9 /* Sources */,
				FAA516C8272306BA007FD0E9 /* Frameworks */,
				FAA516C9272306BA007FD0E9 /* Resources */,
			);
			buildRules = (
			);
			dependencies = (
			);
			name = Amber;
			packageProductDependencies = (
				FAA516F427230A9B007FD0E9 /* FSCalendar */,
				FAA516F727231042007FD0E9 /* Lottie */,
				FAA517092723222E007FD0E9 /* DateToolsSwift */,
			);
			productName = Amber;
			productReference = FAA516CB272306BA007FD0E9 /* Amber.app */;
			productType = "com.apple.product-type.application";
		};
/* End PBXNativeTarget section */

/* Begin PBXProject section */
		FAA516C3272306BA007FD0E9 /* Project object */ = {
			isa = PBXProject;
			attributes = {
				BuildIndependentTargetsInParallel = 1;
				LastSwiftUpdateCheck = 1300;
				LastUpgradeCheck = 1300;
				TargetAttributes = {
					FAA516CA272306BA007FD0E9 = {
						CreatedOnToolsVersion = 13.0;
					};
				};
			};
			buildConfigurationList = FAA516C6272306BA007FD0E9 /* Build configuration list for PBXProject "Amber" */;
			compatibilityVersion = "Xcode 13.0";
			developmentRegion = en;
			hasScannedForEncodings = 0;
			knownRegions = (
				en,
				Base,
			);
			mainGroup = FAA516C2272306BA007FD0E9;
			packageReferences = (
				FAA516F327230A9B007FD0E9 /* XCRemoteSwiftPackageReference "FSCalendar" */,
				FAA516F627231042007FD0E9 /* XCRemoteSwiftPackageReference "lottie-ios" */,
				FAA517082723222E007FD0E9 /* XCRemoteSwiftPackageReference "DateTools" */,
			);
			productRefGroup = FAA516CC272306BA007FD0E9 /* Products */;
			projectDirPath = "";
			projectRoot = "";
			targets = (
				FAA516CA272306BA007FD0E9 /* Amber */,
			);
		};
/* End PBXProject section */

/* Begin PBXResourcesBuildPhase section */
		FAA516C9272306BA007FD0E9 /* Resources */ = {
			isa = PBXResourcesBuildPhase;
			buildActionMask = 2147483647;
			files = (
				FA993EFB2724563C00BF1B46 /* Hiragino Mincho ProN W6.otf in Resources */,
				FAA516EF27230895007FD0E9 /* Assets.xcassets in Resources */,
				FAA516F127230895007FD0E9 /* Main.storyboard in Resources */,
				FAA517162724328F007FD0E9 /* tree.json in Resources */,
				FAA516FF272313F1007FD0E9 /* 80520-blob.json in Resources */,
				FA993EFA2724563C00BF1B46 /* Hiragino Mincho ProN W3.otf in Resources */,
				FAA516F027230895007FD0E9 /* LaunchScreen.storyboard in Resources */,
			);
			runOnlyForDeploymentPostprocessing = 0;
		};
/* End PBXResourcesBuildPhase section */

/* Begin PBXSourcesBuildPhase section */
		FAA516C7272306BA007FD0E9 /* Sources */ = {
			isa = PBXSourcesBuildPhase;
			buildActionMask = 2147483647;
			files = (
				FAA5170627232016007FD0E9 /* SFCalendar.swift in Sources */,
				FA993EFD27247FCE00BF1B46 /* FilledButton.swift in Sources */,
				FAA5170427232003007FD0E9 /* CalendarViewController.swift in Sources */,
				FAA51712272325C5007FD0E9 /* CalendarItemCell.swift in Sources */,
				FA50422B272436FF002CB49D /* Question.swift in Sources */,
				FAA516EE27230895007FD0E9 /* AppDelegate.swift in Sources */,
				FAA516FA272311BB007FD0E9 /* Extensions.swift in Sources */,
				FAA517102723242E007FD0E9 /* CalendarItem.swift in Sources */,
				FAA516ED27230895007FD0E9 /* AmberViewController.swift in Sources */,
				FA50422D272437E5002CB49D /* AITree.swift in Sources */,
			);
			runOnlyForDeploymentPostprocessing = 0;
		};
/* End PBXSourcesBuildPhase section */

/* Begin PBXVariantGroup section */
		FAA516E827230895007FD0E9 /* LaunchScreen.storyboard */ = {
			isa = PBXVariantGroup;
			children = (
				FAA516E927230895007FD0E9 /* Base */,
			);
			name = LaunchScreen.storyboard;
			sourceTree = "<group>";
		};
		FAA516EA27230895007FD0E9 /* Main.storyboard */ = {
			isa = PBXVariantGroup;
			children = (
				FAA516EB27230895007FD0E9 /* Base */,
			);
			name = Main.storyboard;
			sourceTree = "<group>";
		};
/* End PBXVariantGroup section */

/* Begin XCBuildConfiguration section */
		FAA516DD272306BC007FD0E9 /* Debug */ = {
			isa = XCBuildConfiguration;
			buildSettings = {
				ALWAYS_SEARCH_USER_PATHS = NO;
				CLANG_ANALYZER_NONNULL = YES;
				CLANG_ANALYZER_NUMBER_OBJECT_CONVERSION = YES_AGGRESSIVE;
				CLANG_CXX_LANGUAGE_STANDARD = "gnu++17";
				CLANG_CXX_LIBRARY = "libc++";
				CLANG_ENABLE_MODULES = YES;
				CLANG_ENABLE_OBJC_ARC = YES;
				CLANG_ENABLE_OBJC_WEAK = YES;
				CLANG_WARN_BLOCK_CAPTURE_AUTORELEASING = YES;
				CLANG_WARN_BOOL_CONVERSION = YES;
				CLANG_WARN_COMMA = YES;
				CLANG_WARN_CONSTANT_CONVERSION = YES;
				CLANG_WARN_DEPRECATED_OBJC_IMPLEMENTATIONS = YES;
				CLANG_WARN_DIRECT_OBJC_ISA_USAGE = YES_ERROR;
				CLANG_WARN_DOCUMENTATION_COMMENTS = YES;
				CLANG_WARN_EMPTY_BODY = YES;
				CLANG_WARN_ENUM_CONVERSION = YES;
				CLANG_WARN_INFINITE_RECURSION = YES;
				CLANG_WARN_INT_CONVERSION = YES;
				CLANG_WARN_NON_LITERAL_NULL_CONVERSION = YES;
				CLANG_WARN_OBJC_IMPLICIT_RETAIN_SELF = YES;
				CLANG_WARN_OBJC_LITERAL_CONVERSION = YES;
				CLANG_WARN_OBJC_ROOT_CLASS = YES_ERROR;
				CLANG_WARN_QUOTED_INCLUDE_IN_FRAMEWORK_HEADER = YES;
				CLANG_WARN_RANGE_LOOP_ANALYSIS = YES;
				CLANG_WARN_STRICT_PROTOTYPES = YES;
				CLANG_WARN_SUSPICIOUS_MOVE = YES;
				CLANG_WARN_UNGUARDED_AVAILABILITY = YES_AGGRESSIVE;
				CLANG_WARN_UNREACHABLE_CODE = YES;
				CLANG_WARN__DUPLICATE_METHOD_MATCH = YES;
				COPY_PHASE_STRIP = NO;
				DEBUG_INFORMATION_FORMAT = dwarf;
				ENABLE_STRICT_OBJC_MSGSEND = YES;
				ENABLE_TESTABILITY = YES;
				GCC_C_LANGUAGE_STANDARD = gnu11;
				GCC_DYNAMIC_NO_PIC = NO;
				GCC_NO_COMMON_BLOCKS = YES;
				GCC_OPTIMIZATION_LEVEL = 0;
				GCC_PREPROCESSOR_DEFINITIONS = (
					"DEBUG=1",
					"$(inherited)",
				);
				GCC_WARN_64_TO_32_BIT_CONVERSION = YES;
				GCC_WARN_ABOUT_RETURN_TYPE = YES_ERROR;
				GCC_WARN_UNDECLARED_SELECTOR = YES;
				GCC_WARN_UNINITIALIZED_AUTOS = YES_AGGRESSIVE;
				GCC_WARN_UNUSED_FUNCTION = YES;
				GCC_WARN_UNUSED_VARIABLE = YES;
				IPHONEOS_DEPLOYMENT_TARGET = 15.0;
				MTL_ENABLE_DEBUG_INFO = INCLUDE_SOURCE;
				MTL_FAST_MATH = YES;
				ONLY_ACTIVE_ARCH = YES;
				SDKROOT = iphoneos;
				SWIFT_ACTIVE_COMPILATION_CONDITIONS = DEBUG;
				SWIFT_OPTIMIZATION_LEVEL = "-Onone";
			};
			name = Debug;
		};
		FAA516DE272306BC007FD0E9 /* Release */ = {
			isa = XCBuildConfiguration;
			buildSettings = {
				ALWAYS_SEARCH_USER_PATHS = NO;
				CLANG_ANALYZER_NONNULL = YES;
				CLANG_ANALYZER_NUMBER_OBJECT_CONVERSION = YES_AGGRESSIVE;
				CLANG_CXX_LANGUAGE_STANDARD = "gnu++17";
				CLANG_CXX_LIBRARY = "libc++";
				CLANG_ENABLE_MODULES = YES;
				CLANG_ENABLE_OBJC_ARC = YES;
				CLANG_ENABLE_OBJC_WEAK = YES;
				CLANG_WARN_BLOCK_CAPTURE_AUTORELEASING = YES;
				CLANG_WARN_BOOL_CONVERSION = YES;
				CLANG_WARN_COMMA = YES;
				CLANG_WARN_CONSTANT_CONVERSION = YES;
				CLANG_WARN_DEPRECATED_OBJC_IMPLEMENTATIONS = YES;
				CLANG_WARN_DIRECT_OBJC_ISA_USAGE = YES_ERROR;
				CLANG_WARN_DOCUMENTATION_COMMENTS = YES;
				CLANG_WARN_EMPTY_BODY = YES;
				CLANG_WARN_ENUM_CONVERSION = YES;
				CLANG_WARN_INFINITE_RECURSION = YES;
				CLANG_WARN_INT_CONVERSION = YES;
				CLANG_WARN_NON_LITERAL_NULL_CONVERSION = YES;
				CLANG_WARN_OBJC_IMPLICIT_RETAIN_SELF = YES;
				CLANG_WARN_OBJC_LITERAL_CONVERSION = YES;
				CLANG_WARN_OBJC_ROOT_CLASS = YES_ERROR;
				CLANG_WARN_QUOTED_INCLUDE_IN_FRAMEWORK_HEADER = YES;
				CLANG_WARN_RANGE_LOOP_ANALYSIS = YES;
				CLANG_WARN_STRICT_PROTOTYPES = YES;
				CLANG_WARN_SUSPICIOUS_MOVE = YES;
				CLANG_WARN_UNGUARDED_AVAILABILITY = YES_AGGRESSIVE;
				CLANG_WARN_UNREACHABLE_CODE = YES;
				CLANG_WARN__DUPLICATE_METHOD_MATCH = YES;
				COPY_PHASE_STRIP = NO;
				DEBUG_INFORMATION_FORMAT = "dwarf-with-dsym";
				ENABLE_NS_ASSERTIONS = NO;
				ENABLE_STRICT_OBJC_MSGSEND = YES;
				GCC_C_LANGUAGE_STANDARD = gnu11;
				GCC_NO_COMMON_BLOCKS = YES;
				GCC_WARN_64_TO_32_BIT_CONVERSION = YES;
				GCC_WARN_ABOUT_RETURN_TYPE = YES_ERROR;
				GCC_WARN_UNDECLARED_SELECTOR = YES;
				GCC_WARN_UNINITIALIZED_AUTOS = YES_AGGRESSIVE;
				GCC_WARN_UNUSED_FUNCTION = YES;
				GCC_WARN_UNUSED_VARIABLE = YES;
				IPHONEOS_DEPLOYMENT_TARGET = 15.0;
				MTL_ENABLE_DEBUG_INFO = NO;
				MTL_FAST_MATH = YES;
				SDKROOT = iphoneos;
				SWIFT_COMPILATION_MODE = wholemodule;
				SWIFT_OPTIMIZATION_LEVEL = "-O";
				VALIDATE_PRODUCT = YES;
			};
			name = Release;
		};
		FAA516E0272306BC007FD0E9 /* Debug */ = {
			isa = XCBuildConfiguration;
			buildSettings = {
				ASSETCATALOG_COMPILER_APPICON_NAME = AppIcon;
				ASSETCATALOG_COMPILER_GLOBAL_ACCENT_COLOR_NAME = AccentColor;
				CODE_SIGN_STYLE = Automatic;
				CURRENT_PROJECT_VERSION = 2;
				DEVELOPMENT_TEAM = N2V68QWUSQ;
				GENERATE_INFOPLIST_FILE = YES;
				INFOPLIST_FILE = Amber/Resources/Info.plist;
				INFOPLIST_KEY_CFBundleDisplayName = Amber;
				INFOPLIST_KEY_NSCalendarsUsageDescription = x;
				INFOPLIST_KEY_NSCameraUsageDescription = x;
				INFOPLIST_KEY_NSPhotoLibraryAddUsageDescription = x;
				INFOPLIST_KEY_NSPhotoLibraryUsageDescription = x;
				INFOPLIST_KEY_UIApplicationSupportsIndirectInputEvents = YES;
				INFOPLIST_KEY_UILaunchStoryboardName = LaunchScreen;
				INFOPLIST_KEY_UIMainStoryboardFile = Main;
				INFOPLIST_KEY_UIRequiredDeviceCapabilities = armv7;
				INFOPLIST_KEY_UISupportedInterfaceOrientations = UIInterfaceOrientationPortrait;
				INFOPLIST_KEY_UISupportedInterfaceOrientations_iPad = "UIInterfaceOrientationPortrait UIInterfaceOrientationPortraitUpsideDown UIInterfaceOrientationLandscapeLeft UIInterfaceOrientationLandscapeRight";
				INFOPLIST_KEY_UISupportedInterfaceOrientations_iPhone = "UIInterfaceOrientationPortrait UIInterfaceOrientationLandscapeLeft UIInterfaceOrientationLandscapeRight";
				INFOPLIST_KEY_UIUserInterfaceStyle = Light;
				LD_RUNPATH_SEARCH_PATHS = (
					"$(inherited)",
					"@executable_path/Frameworks",
				);
				MARKETING_VERSION = 1.0.0;
				PRODUCT_BUNDLE_IDENTIFIER = com.nogol.amber;
				PRODUCT_NAME = "$(TARGET_NAME)";
				SWIFT_EMIT_LOC_STRINGS = YES;
				SWIFT_VERSION = 5.0;
				TARGETED_DEVICE_FAMILY = 1;
			};
			name = Debug;
		};
		FAA516E1272306BC007FD0E9 /* Release */ = {
			isa = XCBuildConfiguration;
			buildSettings = {
				ASSETCATALOG_COMPILER_APPICON_NAME = AppIcon;
				ASSETCATALOG_COMPILER_GLOBAL_ACCENT_COLOR_NAME = AccentColor;
				CODE_SIGN_STYLE = Automatic;
				CURRENT_PROJECT_VERSION = 2;
				DEVELOPMENT_TEAM = N2V68QWUSQ;
				GENERATE_INFOPLIST_FILE = YES;
				INFOPLIST_FILE = Amber/Resources/Info.plist;
				INFOPLIST_KEY_CFBundleDisplayName = Amber;
				INFOPLIST_KEY_NSCalendarsUsageDescription = x;
				INFOPLIST_KEY_NSCameraUsageDescription = x;
				INFOPLIST_KEY_NSPhotoLibraryAddUsageDescription = x;
				INFOPLIST_KEY_NSPhotoLibraryUsageDescription = x;
				INFOPLIST_KEY_UIApplicationSupportsIndirectInputEvents = YES;
				INFOPLIST_KEY_UILaunchStoryboardName = LaunchScreen;
				INFOPLIST_KEY_UIMainStoryboardFile = Main;
				INFOPLIST_KEY_UIRequiredDeviceCapabilities = armv7;
				INFOPLIST_KEY_UISupportedInterfaceOrientations = UIInterfaceOrientationPortrait;
				INFOPLIST_KEY_UISupportedInterfaceOrientations_iPad = "UIInterfaceOrientationPortrait UIInterfaceOrientationPortraitUpsideDown UIInterfaceOrientationLandscapeLeft UIInterfaceOrientationLandscapeRight";
				INFOPLIST_KEY_UISupportedInterfaceOrientations_iPhone = "UIInterfaceOrientationPortrait UIInterfaceOrientationLandscapeLeft UIInterfaceOrientationLandscapeRight";
				INFOPLIST_KEY_UIUserInterfaceStyle = Light;
				LD_RUNPATH_SEARCH_PATHS = (
					"$(inherited)",
					"@executable_path/Frameworks",
				);
				MARKETING_VERSION = 1.0.0;
				PRODUCT_BUNDLE_IDENTIFIER = com.nogol.amber;
				PRODUCT_NAME = "$(TARGET_NAME)";
				SWIFT_EMIT_LOC_STRINGS = YES;
				SWIFT_VERSION = 5.0;
				TARGETED_DEVICE_FAMILY = 1;
			};
			name = Release;
		};
/* End XCBuildConfiguration section */

/* Begin XCConfigurationList section */
		FAA516C6272306BA007FD0E9 /* Build configuration list for PBXProject "Amber" */ = {
			isa = XCConfigurationList;
			buildConfigurations = (
				FAA516DD272306BC007FD0E9 /* Debug */,
				FAA516DE272306BC007FD0E9 /* Release */,
			);
			defaultConfigurationIsVisible = 0;
			defaultConfigurationName = Release;
		};
		FAA516DF272306BC007FD0E9 /* Build configuration list for PBXNativeTarget "Amber" */ = {
			isa = XCConfigurationList;
			buildConfigurations = (
				FAA516E0272306BC007FD0E9 /* Debug */,
				FAA516E1272306BC007FD0E9 /* Release */,
			);
			defaultConfigurationIsVisible = 0;
			defaultConfigurationName = Release;
		};
/* End XCConfigurationList section */

/* Begin XCRemoteSwiftPackageReference section */
		FAA516F327230A9B007FD0E9 /* XCRemoteSwiftPackageReference "FSCalendar" */ = {
			isa = XCRemoteSwiftPackageReference;
			repositoryURL = "https://github.com/WenchaoD/FSCalendar";
			requirement = {
				kind = upToNextMajorVersion;
				minimumVersion = 2.0.0;
			};
		};
		FAA516F627231042007FD0E9 /* XCRemoteSwiftPackageReference "lottie-ios" */ = {
			isa = XCRemoteSwiftPackageReference;
			repositoryURL = "https://github.com/airbnb/lottie-ios";
			requirement = {
				kind = upToNextMajorVersion;
				minimumVersion = 3.0.0;
			};
		};
		FAA517082723222E007FD0E9 /* XCRemoteSwiftPackageReference "DateTools" */ = {
			isa = XCRemoteSwiftPackageReference;
			repositoryURL = "https://github.com/GreenJell0/DateTools";
			requirement = {
				branch = "PM-5.3-Support";
				kind = branch;
			};
		};
/* End XCRemoteSwiftPackageReference section */

/* Begin XCSwiftPackageProductDependency section */
		FAA516F427230A9B007FD0E9 /* FSCalendar */ = {
			isa = XCSwiftPackageProductDependency;
			package = FAA516F327230A9B007FD0E9 /* XCRemoteSwiftPackageReference "FSCalendar" */;
			productName = FSCalendar;
		};
		FAA516F727231042007FD0E9 /* Lottie */ = {
			isa = XCSwiftPackageProductDependency;
			package = FAA516F627231042007FD0E9 /* XCRemoteSwiftPackageReference "lottie-ios" */;
			productName = Lottie;
		};
		FAA517092723222E007FD0E9 /* DateToolsSwift */ = {
			isa = XCSwiftPackageProductDependency;
			package = FAA517082723222E007FD0E9 /* XCRemoteSwiftPackageReference "DateTools" */;
			productName = DateToolsSwift;
		};
/* End XCSwiftPackageProductDependency section */
	};
	rootObject = FAA516C3272306BA007FD0E9 /* Project object */;
}
