{
  "object": {
    "pins": [
      {
        "package": "DateToolsSwift",
        "repositoryURL": "https://github.com/GreenJell0/DateTools",
        "state": {
          "branch": "PM-5.3-Support",
          "revision": "5fd2d83ce283290ba7879aeed947c36ea77ff11e",
          "version": null
        }
      },
      {
        "package": "FSCalendar",
        "repositoryURL": "https://github.com/WenchaoD/FSCalendar",
        "state": {
          "branch": null,
          "revision": "4e79a201fad268408a4fd9e2ef429497def9594f",
          "version": "2.8.2"
        }
      },
      {
        "package": "Lottie",
        "repositoryURL": "https://github.com/airbnb/lottie-ios",
        "state": {
          "branch": null,
          "revision": "79a0b70547f7c40ea54c67487f935fa2f2eaaadc",
          "version": "3.2.3"
        }
      }
    ]
  },
  "version": 1
}
